{
  "requires": true,
  "lockfileVersion": 1,
  "dependencies": {
    "@types/node": {
      "version": "13.7.7",
      "resolved": "https://registry.npm.taobao.org/@types/node/download/@types/node-13.7.7.tgz?cache=0&sync_timestamp=1582916907273&other_urls=https%3A%2F%2Fregistry.npm.taobao.org%2F%40types%2Fnode%2Fdownload%2F%40types%2Fnode-13.7.7.tgz",
      "integrity": "sha1-FijmRhuozJtTGW3+rux7B/pu6pk="
    }
  }
}
